# This file is automatically @generated by Cargo.
# It is not intended for manual editing.
version = 4

[[package]]
name = "rsi_ml"
version = "0.1.0"
dependencies = [
 "rsi_ml_autograd",
 "rsi_ml_core",
 "rsi_ml_ops",
]

[[package]]
name = "rsi_ml_autograd"
version = "0.1.0"
dependencies = [
 "rsi_ml_core",
]

[[package]]
name = "rsi_ml_core"
version = "0.1.0"

[[package]]
name = "rsi_ml_ops"
version = "0.1.0"
dependencies = [
 "rsi_ml_core",
]
